{
  "name": "@warehouse/event-client",
  "version": "0.0.1",
  "lockfileVersion": 3,
  "requires": true,
  "packages": {
    "": {
      "name": "@warehouse/event-client",
      "version": "0.0.1",
      "dependencies": {
        "@warehouse/event-client": "file:"
      }
    },
    "node_modules/@warehouse/event-client": {
      "resolved": "",
      "link": true
    }
  }
}
