{
  "name": "@utils/message-utils",
  "version": "0.0.1",
  "lockfileVersion": 3,
  "requires": true,
  "packages": {
    "": {
      "name": "@utils/message-utils",
      "version": "0.0.1",
      "dependencies": {
        "@utils/message-utils": "file:"
      }
    },
    "node_modules/@utils/message-utils": {
      "resolved": "",
      "link": true
    }
  }
}
